// !$*UTF8*$!
{
	archiveVersion = 1;
	classes = {
	};
	objectVersion = 48;
	objects = {

/* Begin PBXBuildFile section */
		FD1DF393207C72B80083DB8C /* Assets.xcassets in Resources */ = {isa = PBXBuildFile; fileRef = FD1DF389207C72B80083DB8C /* Assets.xcassets */; };
		FD1DF394207C72B80083DB8C /* ViewController.m in Sources */ = {isa = PBXBuildFile; fileRef = FD1DF38A207C72B80083DB8C /* ViewController.m */; };
		FD1DF395207C72B80083DB8C /* LaunchScreen.storyboard in Resources */ = {isa = PBXBuildFile; fileRef = FD1DF38B207C72B80083DB8C /* LaunchScreen.storyboard */; };
		FD1DF396207C72B80083DB8C /* Main.storyboard in Resources */ = {isa = PBXBuildFile; fileRef = FD1DF38D207C72B80083DB8C /* Main.storyboard */; };
		FD1DF397207C72B80083DB8C /* main.m in Sources */ = {isa = PBXBuildFile; fileRef = FD1DF38F207C72B80083DB8C /* main.m */; };
		FD1DF398207C72B80083DB8C /* AppDelegate.m in Sources */ = {isa = PBXBuildFile; fileRef = FD1DF390207C72B80083DB8C /* AppDelegate.m */; };
		FD1DF399207C72B80083DB8C /* Info.plist in Resources */ = {isa = PBXBuildFile; fileRef = FD1DF391207C72B80083DB8C /* Info.plist */; };
		FD755F84207B367B00A0C9BA /* AppDelegate.m in Sources */ = {isa = PBXBuildFile; fileRef = FD755F83207B367B00A0C9BA /* AppDelegate.m */; };
		FD755F87207B367B00A0C9BA /* ViewController.m in Sources */ = {isa = PBXBuildFile; fileRef = FD755F86207B367B00A0C9BA /* ViewController.m */; };
		FD755F8A207B367B00A0C9BA /* Main.storyboard in Resources */ = {isa = PBXBuildFile; fileRef = FD755F88207B367B00A0C9BA /* Main.storyboard */; };
		FD755F8C207B367B00A0C9BA /* Assets.xcassets in Resources */ = {isa = PBXBuildFile; fileRef = FD755F8B207B367B00A0C9BA /* Assets.xcassets */; };
		FD755F8F207B367B00A0C9BA /* LaunchScreen.storyboard in Resources */ = {isa = PBXBuildFile; fileRef = FD755F8D207B367B00A0C9BA /* LaunchScreen.storyboard */; };
		FD755F92207B367B00A0C9BA /* main.m in Sources */ = {isa = PBXBuildFile; fileRef = FD755F91207B367B00A0C9BA /* main.m */; };
		FD755FD1207B36AE00A0C9BA /* Photos.framework in Frameworks */ = {isa = PBXBuildFile; fileRef = FD755FD0207B36AE00A0C9BA /* Photos.framework */; };
/* End PBXBuildFile section */

/* Begin PBXFileReference section */
		FD1DF388207C72B80083DB8C /* AppDelegate.h */ = {isa = PBXFileReference; fileEncoding = 4; lastKnownFileType = sourcecode.c.h; path = AppDelegate.h; sourceTree = "<group>"; };
		FD1DF389207C72B80083DB8C /* Assets.xcassets */ = {isa = PBXFileReference; lastKnownFileType = folder.assetcatalog; path = Assets.xcassets; sourceTree = "<group>"; };
		FD1DF38A207C72B80083DB8C /* ViewController.m */ = {isa = PBXFileReference; fileEncoding = 4; lastKnownFileType = sourcecode.c.objc; path = ViewController.m; sourceTree = "<group>"; };
		FD1DF38C207C72B80083DB8C /* Base */ = {isa = PBXFileReference; lastKnownFileType = file.storyboard; name = Base; path = Base.lproj/LaunchScreen.storyboard; sourceTree = "<group>"; };
		FD1DF38E207C72B80083DB8C /* Base */ = {isa = PBXFileReference; lastKnownFileType = file.storyboard; name = Base; path = Base.lproj/Main.storyboard; sourceTree = "<group>"; };
		FD1DF38F207C72B80083DB8C /* main.m */ = {isa = PBXFileReference; fileEncoding = 4; lastKnownFileType = sourcecode.c.objc; path = main.m; sourceTree = "<group>"; };
		FD1DF390207C72B80083DB8C /* AppDelegate.m */ = {isa = PBXFileReference; fileEncoding = 4; lastKnownFileType = sourcecode.c.objc; path = AppDelegate.m; sourceTree = "<group>"; };
		FD1DF391207C72B80083DB8C /* Info.plist */ = {isa = PBXFileReference; fileEncoding = 4; lastKnownFileType = text.plist.xml; path = Info.plist; sourceTree = "<group>"; };
		FD1DF392207C72B80083DB8C /* ViewController.h */ = {isa = PBXFileReference; fileEncoding = 4; lastKnownFileType = sourcecode.c.h; path = ViewController.h; sourceTree = "<group>"; };
		FD755F7F207B367B00A0C9BA /* test_BDPhotoPicker.app */ = {isa = PBXFileReference; explicitFileType = wrapper.application; includeInIndex = 0; path = test_BDPhotoPicker.app; sourceTree = BUILT_PRODUCTS_DIR; };
		FD755F82207B367B00A0C9BA /* AppDelegate.h */ = {isa = PBXFileReference; lastKnownFileType = sourcecode.c.h; path = AppDelegate.h; sourceTree = "<group>"; };
		FD755F83207B367B00A0C9BA /* AppDelegate.m */ = {isa = PBXFileReference; lastKnownFileType = sourcecode.c.objc; path = AppDelegate.m; sourceTree = "<group>"; };
		FD755F85207B367B00A0C9BA /* ViewController.h */ = {isa = PBXFileReference; lastKnownFileType = sourcecode.c.h; path = ViewController.h; sourceTree = "<group>"; };
		FD755F86207B367B00A0C9BA /* ViewController.m */ = {isa = PBXFileReference; lastKnownFileType = sourcecode.c.objc; path = ViewController.m; sourceTree = "<group>"; };
		FD755F89207B367B00A0C9BA /* Base */ = {isa = PBXFileReference; lastKnownFileType = file.storyboard; name = Base; path = Base.lproj/Main.storyboard; sourceTree = "<group>"; };
		FD755F8B207B367B00A0C9BA /* Assets.xcassets */ = {isa = PBXFileReference; lastKnownFileType = folder.assetcatalog; path = Assets.xcassets; sourceTree = "<group>"; };
		FD755F8E207B367B00A0C9BA /* Base */ = {isa = PBXFileReference; lastKnownFileType = file.storyboard; name = Base; path = Base.lproj/LaunchScreen.storyboard; sourceTree = "<group>"; };
		FD755F90207B367B00A0C9BA /* Info.plist */ = {isa = PBXFileReference; lastKnownFileType = text.plist.xml; path = Info.plist; sourceTree = "<group>"; };
		FD755F91207B367B00A0C9BA /* main.m */ = {isa = PBXFileReference; lastKnownFileType = sourcecode.c.objc; path = main.m; sourceTree = "<group>"; };
		FD755FD0207B36AE00A0C9BA /* Photos.framework */ = {isa = PBXFileReference; lastKnownFileType = wrapper.framework; name = Photos.framework; path = System/Library/Frameworks/Photos.framework; sourceTree = SDKROOT; };
/* End PBXFileReference section */

/* Begin PBXFrameworksBuildPhase section */
		FD755F7C207B367B00A0C9BA /* Frameworks */ = {
			isa = PBXFrameworksBuildPhase;
			buildActionMask = 2147483647;
			files = (
				FD755FD1207B36AE00A0C9BA /* Photos.framework in Frameworks */,
			);
			runOnlyForDeploymentPostprocessing = 0;
		};
/* End PBXFrameworksBuildPhase section */

/* Begin PBXGroup section */
		FD1DF387207C72B80083DB8C /* test_BDPhotoPicker */ = {
			isa = PBXGroup;
			children = (
				FD1DF388207C72B80083DB8C /* AppDelegate.h */,
				FD1DF389207C72B80083DB8C /* Assets.xcassets */,
				FD1DF38A207C72B80083DB8C /* ViewController.m */,
				FD1DF38B207C72B80083DB8C /* LaunchScreen.storyboard */,
				FD1DF38D207C72B80083DB8C /* Main.storyboard */,
				FD1DF38F207C72B80083DB8C /* main.m */,
				FD1DF390207C72B80083DB8C /* AppDelegate.m */,
				FD1DF391207C72B80083DB8C /* Info.plist */,
				FD1DF392207C72B80083DB8C /* ViewController.h */,
			);
			name = test_BDPhotoPicker;
			sourceTree = "<group>";
		};
		FD755F76207B367B00A0C9BA = {
			isa = PBXGroup;
			children = (
				FD755F81207B367B00A0C9BA /* test_BDPhotoPicker */,
				FD755F80207B367B00A0C9BA /* Products */,
				FD755FCF207B36AD00A0C9BA /* Frameworks */,
			);
			sourceTree = "<group>";
		};
		FD755F80207B367B00A0C9BA /* Products */ = {
			isa = PBXGroup;
			children = (
				FD755F7F207B367B00A0C9BA /* test_BDPhotoPicker.app */,
			);
			name = Products;
			sourceTree = "<group>";
		};
		FD755F81207B367B00A0C9BA /* test_BDPhotoPicker */ = {
			isa = PBXGroup;
			children = (
				FD1DF387207C72B80083DB8C /* test_BDPhotoPicker */,
				FD755F82207B367B00A0C9BA /* AppDelegate.h */,
				FD755F83207B367B00A0C9BA /* AppDelegate.m */,
				FD755F85207B367B00A0C9BA /* ViewController.h */,
				FD755F86207B367B00A0C9BA /* ViewController.m */,
				FD755F88207B367B00A0C9BA /* Main.storyboard */,
				FD755F8B207B367B00A0C9BA /* Assets.xcassets */,
				FD755F8D207B367B00A0C9BA /* LaunchScreen.storyboard */,
				FD755F90207B367B00A0C9BA /* Info.plist */,
				FD755F91207B367B00A0C9BA /* main.m */,
			);
			path = test_BDPhotoPicker;
			sourceTree = "<group>";
		};
		FD755FCF207B36AD00A0C9BA /* Frameworks */ = {
			isa = PBXGroup;
			children = (
				FD755FD0207B36AE00A0C9BA /* Photos.framework */,
			);
			name = Frameworks;
			sourceTree = "<group>";
		};
/* End PBXGroup section */

/* Begin PBXNativeTarget section */
		FD755F7E207B367B00A0C9BA /* test_BDPhotoPicker */ = {
			isa = PBXNativeTarget;
			buildConfigurationList = FD755F95207B367B00A0C9BA /* Build configuration list for PBXNativeTarget "test_BDPhotoPicker" */;
			buildPhases = (
				FD755F7B207B367B00A0C9BA /* Sources */,
				FD755F7C207B367B00A0C9BA /* Frameworks */,
				FD755F7D207B367B00A0C9BA /* Resources */,
			);
			buildRules = (
			);
			dependencies = (
			);
			name = test_BDPhotoPicker;
			productName = test_BDPhotoPicker;
			productReference = FD755F7F207B367B00A0C9BA /* test_BDPhotoPicker.app */;
			productType = "com.apple.product-type.application";
		};
/* End PBXNativeTarget section */

/* Begin PBXProject section */
		FD755F77207B367B00A0C9BA /* Project object */ = {
			isa = PBXProject;
			attributes = {
				LastUpgradeCheck = 0920;
				ORGANIZATIONNAME = buydeem;
				TargetAttributes = {
					FD755F7E207B367B00A0C9BA = {
						CreatedOnToolsVersion = 9.2;
						ProvisioningStyle = Automatic;
					};
				};
			};
			buildConfigurationList = FD755F7A207B367B00A0C9BA /* Build configuration list for PBXProject "test_BDPhotoPicker" */;
			compatibilityVersion = "Xcode 8.0";
			developmentRegion = en;
			hasScannedForEncodings = 0;
			knownRegions = (
				en,
				Base,
			);
			mainGroup = FD755F76207B367B00A0C9BA;
			productRefGroup = FD755F80207B367B00A0C9BA /* Products */;
			projectDirPath = "";
			projectRoot = "";
			targets = (
				FD755F7E207B367B00A0C9BA /* test_BDPhotoPicker */,
			);
		};
/* End PBXProject section */

/* Begin PBXResourcesBuildPhase section */
		FD755F7D207B367B00A0C9BA /* Resources */ = {
			isa = PBXResourcesBuildPhase;
			buildActionMask = 2147483647;
			files = (
				FD755F8F207B367B00A0C9BA /* LaunchScreen.storyboard in Resources */,
				FD755F8C207B367B00A0C9BA /* Assets.xcassets in Resources */,
				FD1DF393207C72B80083DB8C /* Assets.xcassets in Resources */,
				FD1DF396207C72B80083DB8C /* Main.storyboard in Resources */,
				FD1DF395207C72B80083DB8C /* LaunchScreen.storyboard in Resources */,
				FD755F8A207B367B00A0C9BA /* Main.storyboard in Resources */,
				FD1DF399207C72B80083DB8C /* Info.plist in Resources */,
			);
			runOnlyForDeploymentPostprocessing = 0;
		};
/* End PBXResourcesBuildPhase section */

/* Begin PBXSourcesBuildPhase section */
		FD755F7B207B367B00A0C9BA /* Sources */ = {
			isa = PBXSourcesBuildPhase;
			buildActionMask = 2147483647;
			files = (
				FD1DF397207C72B80083DB8C /* main.m in Sources */,
				FD755F87207B367B00A0C9BA /* ViewController.m in Sources */,
				FD1DF398207C72B80083DB8C /* AppDelegate.m in Sources */,
				FD755F92207B367B00A0C9BA /* main.m in Sources */,
				FD1DF394207C72B80083DB8C /* ViewController.m in Sources */,
				FD755F84207B367B00A0C9BA /* AppDelegate.m in Sources */,
			);
			runOnlyForDeploymentPostprocessing = 0;
		};
/* End PBXSourcesBuildPhase section */

/* Begin PBXVariantGroup section */
		FD1DF38B207C72B80083DB8C /* LaunchScreen.storyboard */ = {
			isa = PBXVariantGroup;
			children = (
				FD1DF38C207C72B80083DB8C /* Base */,
			);
			name = LaunchScreen.storyboard;
			sourceTree = "<group>";
		};
		FD1DF38D207C72B80083DB8C /* Main.storyboard */ = {
			isa = PBXVariantGroup;
			children = (
				FD1DF38E207C72B80083DB8C /* Base */,
			);
			name = Main.storyboard;
			sourceTree = "<group>";
		};
		FD755F88207B367B00A0C9BA /* Main.storyboard */ = {
			isa = PBXVariantGroup;
			children = (
				FD755F89207B367B00A0C9BA /* Base */,
			);
			name = Main.storyboard;
			sourceTree = "<group>";
		};
		FD755F8D207B367B00A0C9BA /* LaunchScreen.storyboard */ = {
			isa = PBXVariantGroup;
			children = (
				FD755F8E207B367B00A0C9BA /* Base */,
			);
			name = LaunchScreen.storyboard;
			sourceTree = "<group>";
		};
/* End PBXVariantGroup section */

/* Begin XCBuildConfiguration section */
		FD755F93207B367B00A0C9BA /* Debug */ = {
			isa = XCBuildConfiguration;
			buildSettings = {
				ALWAYS_SEARCH_USER_PATHS = NO;
				CLANG_ANALYZER_NONNULL = YES;
				CLANG_ANALYZER_NUMBER_OBJECT_CONVERSION = YES_AGGRESSIVE;
				CLANG_CXX_LANGUAGE_STANDARD = "gnu++14";
				CLANG_CXX_LIBRARY = "libc++";
				CLANG_ENABLE_MODULES = YES;
				CLANG_ENABLE_OBJC_ARC = YES;
				CLANG_WARN_BLOCK_CAPTURE_AUTORELEASING = YES;
				CLANG_WARN_BOOL_CONVERSION = YES;
				CLANG_WARN_COMMA = YES;
				CLANG_WARN_CONSTANT_CONVERSION = YES;
				CLANG_WARN_DIRECT_OBJC_ISA_USAGE = YES_ERROR;
				CLANG_WARN_DOCUMENTATION_COMMENTS = YES;
				CLANG_WARN_EMPTY_BODY = YES;
				CLANG_WARN_ENUM_CONVERSION = YES;
				CLANG_WARN_INFINITE_RECURSION = YES;
				CLANG_WARN_INT_CONVERSION = YES;
				CLANG_WARN_NON_LITERAL_NULL_CONVERSION = YES;
				CLANG_WARN_OBJC_LITERAL_CONVERSION = YES;
				CLANG_WARN_OBJC_ROOT_CLASS = YES_ERROR;
				CLANG_WARN_RANGE_LOOP_ANALYSIS = YES;
				CLANG_WARN_STRICT_PROTOTYPES = YES;
				CLANG_WARN_SUSPICIOUS_MOVE = YES;
				CLANG_WARN_UNGUARDED_AVAILABILITY = YES_AGGRESSIVE;
				CLANG_WARN_UNREACHABLE_CODE = YES;
				CLANG_WARN__DUPLICATE_METHOD_MATCH = YES;
				CODE_SIGN_IDENTITY = "iPhone Developer";
				COPY_PHASE_STRIP = NO;
				DEBUG_INFORMATION_FORMAT = dwarf;
				ENABLE_STRICT_OBJC_MSGSEND = YES;
				ENABLE_TESTABILITY = YES;
				GCC_C_LANGUAGE_STANDARD = gnu11;
				GCC_DYNAMIC_NO_PIC = NO;
				GCC_NO_COMMON_BLOCKS = YES;
				GCC_OPTIMIZATION_LEVEL = 0;
				GCC_PREPROCESSOR_DEFINITIONS = (
					"DEBUG=1",
					"$(inherited)",
				);
				GCC_WARN_64_TO_32_BIT_CONVERSION = YES;
				GCC_WARN_ABOUT_RETURN_TYPE = YES_ERROR;
				GCC_WARN_UNDECLARED_SELECTOR = YES;
				GCC_WARN_UNINITIALIZED_AUTOS = YES_AGGRESSIVE;
				GCC_WARN_UNUSED_FUNCTION = YES;
				GCC_WARN_UNUSED_VARIABLE = YES;
				IPHONEOS_DEPLOYMENT_TARGET = 11.2;
				MTL_ENABLE_DEBUG_INFO = YES;
				ONLY_ACTIVE_ARCH = YES;
				SDKROOT = iphoneos;
			};
			name = Debug;
		};
		FD755F94207B367B00A0C9BA /* Release */ = {
			isa = XCBuildConfiguration;
			buildSettings = {
				ALWAYS_SEARCH_USER_PATHS = NO;
				CLANG_ANALYZER_NONNULL = YES;
				CLANG_ANALYZER_NUMBER_OBJECT_CONVERSION = YES_AGGRESSIVE;
				CLANG_CXX_LANGUAGE_STANDARD = "gnu++14";
				CLANG_CXX_LIBRARY = "libc++";
				CLANG_ENABLE_MODULES = YES;
				CLANG_ENABLE_OBJC_ARC = YES;
				CLANG_WARN_BLOCK_CAPTURE_AUTORELEASING = YES;
				CLANG_WARN_BOOL_CONVERSION = YES;
				CLANG_WARN_COMMA = YES;
				CLANG_WARN_CONSTANT_CONVERSION = YES;
				CLANG_WARN_DIRECT_OBJC_ISA_USAGE = YES_ERROR;
				CLANG_WARN_DOCUMENTATION_COMMENTS = YES;
				CLANG_WARN_EMPTY_BODY = YES;
				CLANG_WARN_ENUM_CONVERSION = YES;
				CLANG_WARN_INFINITE_RECURSION = YES;
				CLANG_WARN_INT_CONVERSION = YES;
				CLANG_WARN_NON_LITERAL_NULL_CONVERSION = YES;
				CLANG_WARN_OBJC_LITERAL_CONVERSION = YES;
				CLANG_WARN_OBJC_ROOT_CLASS = YES_ERROR;
				CLANG_WARN_RANGE_LOOP_ANALYSIS = YES;
				CLANG_WARN_STRICT_PROTOTYPES = YES;
				CLANG_WARN_SUSPICIOUS_MOVE = YES;
				CLANG_WARN_UNGUARDED_AVAILABILITY = YES_AGGRESSIVE;
				CLANG_WARN_UNREACHABLE_CODE = YES;
				CLANG_WARN__DUPLICATE_METHOD_MATCH = YES;
				CODE_SIGN_IDENTITY = "iPhone Developer";
				COPY_PHASE_STRIP = NO;
				DEBUG_INFORMATION_FORMAT = "dwarf-with-dsym";
				ENABLE_NS_ASSERTIONS = NO;
				ENABLE_STRICT_OBJC_MSGSEND = YES;
				GCC_C_LANGUAGE_STANDARD = gnu11;
				GCC_NO_COMMON_BLOCKS = YES;
				GCC_WARN_64_TO_32_BIT_CONVERSION = YES;
				GCC_WARN_ABOUT_RETURN_TYPE = YES_ERROR;
				GCC_WARN_UNDECLARED_SELECTOR = YES;
				GCC_WARN_UNINITIALIZED_AUTOS = YES_AGGRESSIVE;
				GCC_WARN_UNUSED_FUNCTION = YES;
				GCC_WARN_UNUSED_VARIABLE = YES;
				IPHONEOS_DEPLOYMENT_TARGET = 11.2;
				MTL_ENABLE_DEBUG_INFO = NO;
				SDKROOT = iphoneos;
				VALIDATE_PRODUCT = YES;
			};
			name = Release;
		};
		FD755F96207B367B00A0C9BA /* Debug */ = {
			isa = XCBuildConfiguration;
			buildSettings = {
				ASSETCATALOG_COMPILER_APPICON_NAME = AppIcon;
				CODE_SIGN_STYLE = Automatic;
				DEVELOPMENT_TEAM = DTS5V84ARX;
				INFOPLIST_FILE = test_BDPhotoPicker/Info.plist;
				LD_RUNPATH_SEARCH_PATHS = "$(inherited) @executable_path/Frameworks";
				PRODUCT_BUNDLE_IDENTIFIER = "com.buydeem.test-BDPhotoPicker";
				PRODUCT_NAME = "$(TARGET_NAME)";
				TARGETED_DEVICE_FAMILY = "1,2";
			};
			name = Debug;
		};
		FD755F97207B367B00A0C9BA /* Release */ = {
			isa = XCBuildConfiguration;
			buildSettings = {
				ASSETCATALOG_COMPILER_APPICON_NAME = AppIcon;
				CODE_SIGN_STYLE = Automatic;
				DEVELOPMENT_TEAM = DTS5V84ARX;
				INFOPLIST_FILE = test_BDPhotoPicker/Info.plist;
				LD_RUNPATH_SEARCH_PATHS = "$(inherited) @executable_path/Frameworks";
				PRODUCT_BUNDLE_IDENTIFIER = "com.buydeem.test-BDPhotoPicker";
				PRODUCT_NAME = "$(TARGET_NAME)";
				TARGETED_DEVICE_FAMILY = "1,2";
			};
			name = Release;
		};
/* End XCBuildConfiguration section */

/* Begin XCConfigurationList section */
		FD755F7A207B367B00A0C9BA /* Build configuration list for PBXProject "test_BDPhotoPicker" */ = {
			isa = XCConfigurationList;
			buildConfigurations = (
				FD755F93207B367B00A0C9BA /* Debug */,
				FD755F94207B367B00A0C9BA /* Release */,
			);
			defaultConfigurationIsVisible = 0;
			defaultConfigurationName = Release;
		};
		FD755F95207B367B00A0C9BA /* Build configuration list for PBXNativeTarget "test_BDPhotoPicker" */ = {
			isa = XCConfigurationList;
			buildConfigurations = (
				FD755F96207B367B00A0C9BA /* Debug */,
				FD755F97207B367B00A0C9BA /* Release */,
			);
			defaultConfigurationIsVisible = 0;
			defaultConfigurationName = Release;
		};
/* End XCConfigurationList section */
	};
	rootObject = FD755F77207B367B00A0C9BA /* Project object */;
}
